
Microsoft Visual Studio Solution File, Format Version 12.00
# Visual Studio 15
VisualStudioVersion = 15.0.28307.489
MinimumVisualStudioVersion = 10.0.40219.1
Project("{FAE04EC0-301F-11D3-BF4B-00C04F79EFBC}") = "TripTrak", "TripTrak\TripTrak.csproj", "{DABC42CC-80E7-465D-AF0B-1D80CD6FD9F0}"
EndProject
Global
	GlobalSection(SolutionConfigurationPlatforms) = preSolution
		Debug|Any CPU = Debug|Any CPU
		Release|Any CPU = Release|Any CPU
	EndGlobalSection
	GlobalSection(ProjectConfigurationPlatforms) = postSolution
		{DABC42CC-80E7-465D-AF0B-1D80CD6FD9F0}.Debug|Any CPU.ActiveCfg = Debug|Any CPU
		{DABC42CC-80E7-465D-AF0B-1D80CD6FD9F0}.Debug|Any CPU.Build.0 = Debug|Any CPU
		{DABC42CC-80E7-465D-AF0B-1D80CD6FD9F0}.Release|Any CPU.ActiveCfg = Release|Any CPU
		{DABC42CC-80E7-465D-AF0B-1D80CD6FD9F0}.Release|Any CPU.Build.0 = Release|Any CPU
	EndGlobalSection
	GlobalSection(SolutionProperties) = preSolution
		HideSolutionNode = FALSE
	EndGlobalSection
	GlobalSection(ExtensibilityGlobals) = postSolution
		SolutionGuid = {E4CF9575-16E4-4A2A-9FE7-7AC85D6FC02F}
	EndGlobalSection
EndGlobal
